// !$*UTF8*$!
{
	archiveVersion = 1;
	classes = {
	};
	objectVersion = 50;
	objects = {

/* Begin PBXBuildFile section */
		1C6E6AABDC3C5B641940665F /* libPods-iOS Knowledge ArchitectureTests.a in Frameworks */ = {isa = PBXBuildFile; fileRef = B4438BA14E397AA3AB9A80CD /* libPods-iOS Knowledge ArchitectureTests.a */; };
		71F39CCCC2B2B264DC90AD3E /* libPods-iOS Knowledge Architecture.a in Frameworks */ = {isa = PBXBuildFile; fileRef = 1E41F45C0AABA9B59E6E13F4 /* libPods-iOS Knowledge Architecture.a */; };
		D80561B6DE5F29E55103B099 /* libPods-iOS Knowledge ArchitectureUITests.a in Frameworks */ = {isa = PBXBuildFile; fileRef = 7AA08004B598D4B2D8608E39 /* libPods-iOS Knowledge ArchitectureUITests.a */; };
		E308636022EF49B900675E1F /* Launch Screen.storyboard in Resources */ = {isa = PBXBuildFile; fileRef = E308635F22EF49B900675E1F /* Launch Screen.storyboard */; };
		E308636322EF4A6D00675E1F /* MasterTableViewController.m in Sources */ = {isa = PBXBuildFile; fileRef = E308636222EF4A6D00675E1F /* MasterTableViewController.m */; };
		E308BD1122EDF72400C47F72 /* AppDelegate.m in Sources */ = {isa = PBXBuildFile; fileRef = E308BD1022EDF72400C47F72 /* AppDelegate.m */; };
		E308BD1722EDF72400C47F72 /* Main.storyboard in Resources */ = {isa = PBXBuildFile; fileRef = E308BD1522EDF72400C47F72 /* Main.storyboard */; };
		E308BD1A22EDF72400C47F72 /* iOS_Knowledge_Architecture.xcdatamodeld in Sources */ = {isa = PBXBuildFile; fileRef = E308BD1822EDF72400C47F72 /* iOS_Knowledge_Architecture.xcdatamodeld */; };
		E308BD1C22EDF72600C47F72 /* Assets.xcassets in Resources */ = {isa = PBXBuildFile; fileRef = E308BD1B22EDF72600C47F72 /* Assets.xcassets */; };
		E308BD2222EDF72600C47F72 /* main.m in Sources */ = {isa = PBXBuildFile; fileRef = E308BD2122EDF72600C47F72 /* main.m */; };
		E308BD2C22EDF72600C47F72 /* iOS_Knowledge_ArchitectureTests.m in Sources */ = {isa = PBXBuildFile; fileRef = E308BD2B22EDF72600C47F72 /* iOS_Knowledge_ArchitectureTests.m */; };
		E308BD3722EDF72600C47F72 /* iOS_Knowledge_ArchitectureUITests.m in Sources */ = {isa = PBXBuildFile; fileRef = E308BD3622EDF72600C47F72 /* iOS_Knowledge_ArchitectureUITests.m */; };
		E30F515B2300535000EBF152 /* UIColor+GYComponent.m in Sources */ = {isa = PBXBuildFile; fileRef = E30F51592300535000EBF152 /* UIColor+GYComponent.m */; };
/* End PBXBuildFile section */

/* Begin PBXContainerItemProxy section */
		E308BD2822EDF72600C47F72 /* PBXContainerItemProxy */ = {
			isa = PBXContainerItemProxy;
			containerPortal = E308BD0422EDF72400C47F72 /* Project object */;
			proxyType = 1;
			remoteGlobalIDString = E308BD0B22EDF72400C47F72;
			remoteInfo = "iOS Knowledge Architecture";
		};
		E308BD3322EDF72600C47F72 /* PBXContainerItemProxy */ = {
			isa = PBXContainerItemProxy;
			containerPortal = E308BD0422EDF72400C47F72 /* Project object */;
			proxyType = 1;
			remoteGlobalIDString = E308BD0B22EDF72400C47F72;
			remoteInfo = "iOS Knowledge Architecture";
		};
/* End PBXContainerItemProxy section */

/* Begin PBXFileReference section */
		1E41F45C0AABA9B59E6E13F4 /* libPods-iOS Knowledge Architecture.a */ = {isa = PBXFileReference; explicitFileType = archive.ar; includeInIndex = 0; path = "libPods-iOS Knowledge Architecture.a"; sourceTree = BUILT_PRODUCTS_DIR; };
		390E0CDEE64D3AEE671865C7 /* Pods-iOS Knowledge ArchitectureUITests.debug.xcconfig */ = {isa = PBXFileReference; includeInIndex = 1; lastKnownFileType = text.xcconfig; name = "Pods-iOS Knowledge ArchitectureUITests.debug.xcconfig"; path = "Target Support Files/Pods-iOS Knowledge ArchitectureUITests/Pods-iOS Knowledge ArchitectureUITests.debug.xcconfig"; sourceTree = "<group>"; };
		510CA250F5EBFFCDCC87AD1B /* Pods-iOS Knowledge Architecture.debug.xcconfig */ = {isa = PBXFileReference; includeInIndex = 1; lastKnownFileType = text.xcconfig; name = "Pods-iOS Knowledge Architecture.debug.xcconfig"; path = "Target Support Files/Pods-iOS Knowledge Architecture/Pods-iOS Knowledge Architecture.debug.xcconfig"; sourceTree = "<group>"; };
		57608288717FD12487360BE9 /* Pods-iOS Knowledge ArchitectureTests.release.xcconfig */ = {isa = PBXFileReference; includeInIndex = 1; lastKnownFileType = text.xcconfig; name = "Pods-iOS Knowledge ArchitectureTests.release.xcconfig"; path = "Target Support Files/Pods-iOS Knowledge ArchitectureTests/Pods-iOS Knowledge ArchitectureTests.release.xcconfig"; sourceTree = "<group>"; };
		7AA08004B598D4B2D8608E39 /* libPods-iOS Knowledge ArchitectureUITests.a */ = {isa = PBXFileReference; explicitFileType = archive.ar; includeInIndex = 0; path = "libPods-iOS Knowledge ArchitectureUITests.a"; sourceTree = BUILT_PRODUCTS_DIR; };
		893D2F620AAC085743AEFC73 /* Pods-iOS Knowledge ArchitectureTests.debug.xcconfig */ = {isa = PBXFileReference; includeInIndex = 1; lastKnownFileType = text.xcconfig; name = "Pods-iOS Knowledge ArchitectureTests.debug.xcconfig"; path = "Target Support Files/Pods-iOS Knowledge ArchitectureTests/Pods-iOS Knowledge ArchitectureTests.debug.xcconfig"; sourceTree = "<group>"; };
		B4438BA14E397AA3AB9A80CD /* libPods-iOS Knowledge ArchitectureTests.a */ = {isa = PBXFileReference; explicitFileType = archive.ar; includeInIndex = 0; path = "libPods-iOS Knowledge ArchitectureTests.a"; sourceTree = BUILT_PRODUCTS_DIR; };
		C0E4016EECF882DCEE06911D /* Pods-iOS Knowledge ArchitectureUITests.release.xcconfig */ = {isa = PBXFileReference; includeInIndex = 1; lastKnownFileType = text.xcconfig; name = "Pods-iOS Knowledge ArchitectureUITests.release.xcconfig"; path = "Target Support Files/Pods-iOS Knowledge ArchitectureUITests/Pods-iOS Knowledge ArchitectureUITests.release.xcconfig"; sourceTree = "<group>"; };
		E308635F22EF49B900675E1F /* Launch Screen.storyboard */ = {isa = PBXFileReference; lastKnownFileType = file.storyboard; path = "Launch Screen.storyboard"; sourceTree = "<group>"; };
		E308636122EF4A6D00675E1F /* MasterTableViewController.h */ = {isa = PBXFileReference; lastKnownFileType = sourcecode.c.h; path = MasterTableViewController.h; sourceTree = "<group>"; };
		E308636222EF4A6D00675E1F /* MasterTableViewController.m */ = {isa = PBXFileReference; lastKnownFileType = sourcecode.c.objc; path = MasterTableViewController.m; sourceTree = "<group>"; };
		E308BD0C22EDF72400C47F72 /* iOS Knowledge Architecture.app */ = {isa = PBXFileReference; explicitFileType = wrapper.application; includeInIndex = 0; path = "iOS Knowledge Architecture.app"; sourceTree = BUILT_PRODUCTS_DIR; };
		E308BD0F22EDF72400C47F72 /* AppDelegate.h */ = {isa = PBXFileReference; lastKnownFileType = sourcecode.c.h; path = AppDelegate.h; sourceTree = "<group>"; };
		E308BD1022EDF72400C47F72 /* AppDelegate.m */ = {isa = PBXFileReference; lastKnownFileType = sourcecode.c.objc; path = AppDelegate.m; sourceTree = "<group>"; };
		E308BD1622EDF72400C47F72 /* Base */ = {isa = PBXFileReference; lastKnownFileType = file.storyboard; name = Base; path = Base.lproj/Main.storyboard; sourceTree = "<group>"; };
		E308BD1922EDF72400C47F72 /* iOS_Knowledge_Architecture.xcdatamodel */ = {isa = PBXFileReference; lastKnownFileType = wrapper.xcdatamodel; path = iOS_Knowledge_Architecture.xcdatamodel; sourceTree = "<group>"; };
		E308BD1B22EDF72600C47F72 /* Assets.xcassets */ = {isa = PBXFileReference; lastKnownFileType = folder.assetcatalog; path = Assets.xcassets; sourceTree = "<group>"; };
		E308BD2022EDF72600C47F72 /* Info.plist */ = {isa = PBXFileReference; lastKnownFileType = text.plist.xml; path = Info.plist; sourceTree = "<group>"; };
		E308BD2122EDF72600C47F72 /* main.m */ = {isa = PBXFileReference; lastKnownFileType = sourcecode.c.objc; path = main.m; sourceTree = "<group>"; };
		E308BD2722EDF72600C47F72 /* iOS Knowledge ArchitectureTests.xctest */ = {isa = PBXFileReference; explicitFileType = wrapper.cfbundle; includeInIndex = 0; path = "iOS Knowledge ArchitectureTests.xctest"; sourceTree = BUILT_PRODUCTS_DIR; };
		E308BD2B22EDF72600C47F72 /* iOS_Knowledge_ArchitectureTests.m */ = {isa = PBXFileReference; lastKnownFileType = sourcecode.c.objc; path = iOS_Knowledge_ArchitectureTests.m; sourceTree = "<group>"; };
		E308BD2D22EDF72600C47F72 /* Info.plist */ = {isa = PBXFileReference; lastKnownFileType = text.plist.xml; path = Info.plist; sourceTree = "<group>"; };
		E308BD3222EDF72600C47F72 /* iOS Knowledge ArchitectureUITests.xctest */ = {isa = PBXFileReference; explicitFileType = wrapper.cfbundle; includeInIndex = 0; path = "iOS Knowledge ArchitectureUITests.xctest"; sourceTree = BUILT_PRODUCTS_DIR; };
		E308BD3622EDF72600C47F72 /* iOS_Knowledge_ArchitectureUITests.m */ = {isa = PBXFileReference; lastKnownFileType = sourcecode.c.objc; path = iOS_Knowledge_ArchitectureUITests.m; sourceTree = "<group>"; };
		E308BD3822EDF72600C47F72 /* Info.plist */ = {isa = PBXFileReference; lastKnownFileType = text.plist.xml; path = Info.plist; sourceTree = "<group>"; };
		E30F51592300535000EBF152 /* UIColor+GYComponent.m */ = {isa = PBXFileReference; fileEncoding = 4; lastKnownFileType = sourcecode.c.objc; path = "UIColor+GYComponent.m"; sourceTree = "<group>"; };
		E30F515A2300535000EBF152 /* UIColor+GYComponent.h */ = {isa = PBXFileReference; fileEncoding = 4; lastKnownFileType = sourcecode.c.h; path = "UIColor+GYComponent.h"; sourceTree = "<group>"; };
		FB4BF7A21DE4BBB83185FF58 /* Pods-iOS Knowledge Architecture.release.xcconfig */ = {isa = PBXFileReference; includeInIndex = 1; lastKnownFileType = text.xcconfig; name = "Pods-iOS Knowledge Architecture.release.xcconfig"; path = "Target Support Files/Pods-iOS Knowledge Architecture/Pods-iOS Knowledge Architecture.release.xcconfig"; sourceTree = "<group>"; };
/* End PBXFileReference section */

/* Begin PBXFrameworksBuildPhase section */
		E308BD0922EDF72400C47F72 /* Frameworks */ = {
			isa = PBXFrameworksBuildPhase;
			buildActionMask = 2147483647;
			files = (
				71F39CCCC2B2B264DC90AD3E /* libPods-iOS Knowledge Architecture.a in Frameworks */,
			);
			runOnlyForDeploymentPostprocessing = 0;
		};
		E308BD2422EDF72600C47F72 /* Frameworks */ = {
			isa = PBXFrameworksBuildPhase;
			buildActionMask = 2147483647;
			files = (
				1C6E6AABDC3C5B641940665F /* libPods-iOS Knowledge ArchitectureTests.a in Frameworks */,
			);
			runOnlyForDeploymentPostprocessing = 0;
		};
		E308BD2F22EDF72600C47F72 /* Frameworks */ = {
			isa = PBXFrameworksBuildPhase;
			buildActionMask = 2147483647;
			files = (
				D80561B6DE5F29E55103B099 /* libPods-iOS Knowledge ArchitectureUITests.a in Frameworks */,
			);
			runOnlyForDeploymentPostprocessing = 0;
		};
/* End PBXFrameworksBuildPhase section */

/* Begin PBXGroup section */
		A54219B60490646211B46AA1 /* Pods */ = {
			isa = PBXGroup;
			children = (
				510CA250F5EBFFCDCC87AD1B /* Pods-iOS Knowledge Architecture.debug.xcconfig */,
				FB4BF7A21DE4BBB83185FF58 /* Pods-iOS Knowledge Architecture.release.xcconfig */,
				893D2F620AAC085743AEFC73 /* Pods-iOS Knowledge ArchitectureTests.debug.xcconfig */,
				57608288717FD12487360BE9 /* Pods-iOS Knowledge ArchitectureTests.release.xcconfig */,
				390E0CDEE64D3AEE671865C7 /* Pods-iOS Knowledge ArchitectureUITests.debug.xcconfig */,
				C0E4016EECF882DCEE06911D /* Pods-iOS Knowledge ArchitectureUITests.release.xcconfig */,
			);
			path = Pods;
			sourceTree = "<group>";
		};
		E308BD0322EDF72400C47F72 = {
			isa = PBXGroup;
			children = (
				E308BD0E22EDF72400C47F72 /* iOS Knowledge Architecture */,
				E308BD2A22EDF72600C47F72 /* iOS Knowledge ArchitectureTests */,
				E308BD3522EDF72600C47F72 /* iOS Knowledge ArchitectureUITests */,
				E308BD0D22EDF72400C47F72 /* Products */,
				A54219B60490646211B46AA1 /* Pods */,
				E61FFBB79302708C62392BDA /* Frameworks */,
			);
			sourceTree = "<group>";
		};
		E308BD0D22EDF72400C47F72 /* Products */ = {
			isa = PBXGroup;
			children = (
				E308BD0C22EDF72400C47F72 /* iOS Knowledge Architecture.app */,
				E308BD2722EDF72600C47F72 /* iOS Knowledge ArchitectureTests.xctest */,
				E308BD3222EDF72600C47F72 /* iOS Knowledge ArchitectureUITests.xctest */,
			);
			name = Products;
			sourceTree = "<group>";
		};
		E308BD0E22EDF72400C47F72 /* iOS Knowledge Architecture */ = {
			isa = PBXGroup;
			children = (
				E30F51582300532C00EBF152 /* Tools */,
				E308BD0F22EDF72400C47F72 /* AppDelegate.h */,
				E308BD1022EDF72400C47F72 /* AppDelegate.m */,
				E308636122EF4A6D00675E1F /* MasterTableViewController.h */,
				E308636222EF4A6D00675E1F /* MasterTableViewController.m */,
				E308BD1522EDF72400C47F72 /* Main.storyboard */,
				E308BD1B22EDF72600C47F72 /* Assets.xcassets */,
				E308BD2022EDF72600C47F72 /* Info.plist */,
				E308BD2122EDF72600C47F72 /* main.m */,
				E308BD1822EDF72400C47F72 /* iOS_Knowledge_Architecture.xcdatamodeld */,
				E308635F22EF49B900675E1F /* Launch Screen.storyboard */,
			);
			path = "iOS Knowledge Architecture";
			sourceTree = "<group>";
		};
		E308BD2A22EDF72600C47F72 /* iOS Knowledge ArchitectureTests */ = {
			isa = PBXGroup;
			children = (
				E308BD2B22EDF72600C47F72 /* iOS_Knowledge_ArchitectureTests.m */,
				E308BD2D22EDF72600C47F72 /* Info.plist */,
			);
			path = "iOS Knowledge ArchitectureTests";
			sourceTree = "<group>";
		};
		E308BD3522EDF72600C47F72 /* iOS Knowledge ArchitectureUITests */ = {
			isa = PBXGroup;
			children = (
				E308BD3622EDF72600C47F72 /* iOS_Knowledge_ArchitectureUITests.m */,
				E308BD3822EDF72600C47F72 /* Info.plist */,
			);
			path = "iOS Knowledge ArchitectureUITests";
			sourceTree = "<group>";
		};
		E30F51582300532C00EBF152 /* Tools */ = {
			isa = PBXGroup;
			children = (
				E30F515A2300535000EBF152 /* UIColor+GYComponent.h */,
				E30F51592300535000EBF152 /* UIColor+GYComponent.m */,
			);
			path = Tools;
			sourceTree = "<group>";
		};
		E61FFBB79302708C62392BDA /* Frameworks */ = {
			isa = PBXGroup;
			children = (
				1E41F45C0AABA9B59E6E13F4 /* libPods-iOS Knowledge Architecture.a */,
				B4438BA14E397AA3AB9A80CD /* libPods-iOS Knowledge ArchitectureTests.a */,
				7AA08004B598D4B2D8608E39 /* libPods-iOS Knowledge ArchitectureUITests.a */,
			);
			name = Frameworks;
			sourceTree = "<group>";
		};
/* End PBXGroup section */

/* Begin PBXNativeTarget section */
		E308BD0B22EDF72400C47F72 /* iOS Knowledge Architecture */ = {
			isa = PBXNativeTarget;
			buildConfigurationList = E308BD3B22EDF72600C47F72 /* Build configuration list for PBXNativeTarget "iOS Knowledge Architecture" */;
			buildPhases = (
				AADB315409691478A0307DCD /* [CP] Check Pods Manifest.lock */,
				E308BD0822EDF72400C47F72 /* Sources */,
				E308BD0922EDF72400C47F72 /* Frameworks */,
				E308BD0A22EDF72400C47F72 /* Resources */,
				1E25EB5B5598095E30541FB9 /* [CP] Embed Pods Frameworks */,
				84DD2CE5173EAA7D329850AD /* [CP] Copy Pods Resources */,
			);
			buildRules = (
			);
			dependencies = (
			);
			name = "iOS Knowledge Architecture";
			productName = "iOS Knowledge Architecture";
			productReference = E308BD0C22EDF72400C47F72 /* iOS Knowledge Architecture.app */;
			productType = "com.apple.product-type.application";
		};
		E308BD2622EDF72600C47F72 /* iOS Knowledge ArchitectureTests */ = {
			isa = PBXNativeTarget;
			buildConfigurationList = E308BD3E22EDF72600C47F72 /* Build configuration list for PBXNativeTarget "iOS Knowledge ArchitectureTests" */;
			buildPhases = (
				EF6DE12A7BD7836F18433E4D /* [CP] Check Pods Manifest.lock */,
				E308BD2322EDF72600C47F72 /* Sources */,
				E308BD2422EDF72600C47F72 /* Frameworks */,
				E308BD2522EDF72600C47F72 /* Resources */,
			);
			buildRules = (
			);
			dependencies = (
				E308BD2922EDF72600C47F72 /* PBXTargetDependency */,
			);
			name = "iOS Knowledge ArchitectureTests";
			productName = "iOS Knowledge ArchitectureTests";
			productReference = E308BD2722EDF72600C47F72 /* iOS Knowledge ArchitectureTests.xctest */;
			productType = "com.apple.product-type.bundle.unit-test";
		};
		E308BD3122EDF72600C47F72 /* iOS Knowledge ArchitectureUITests */ = {
			isa = PBXNativeTarget;
			buildConfigurationList = E308BD4122EDF72600C47F72 /* Build configuration list for PBXNativeTarget "iOS Knowledge ArchitectureUITests" */;
			buildPhases = (
				E0D4DCDF53F7B607241E5E6A /* [CP] Check Pods Manifest.lock */,
				E308BD2E22EDF72600C47F72 /* Sources */,
				E308BD2F22EDF72600C47F72 /* Frameworks */,
				E308BD3022EDF72600C47F72 /* Resources */,
			);
			buildRules = (
			);
			dependencies = (
				E308BD3422EDF72600C47F72 /* PBXTargetDependency */,
			);
			name = "iOS Knowledge ArchitectureUITests";
			productName = "iOS Knowledge ArchitectureUITests";
			productReference = E308BD3222EDF72600C47F72 /* iOS Knowledge ArchitectureUITests.xctest */;
			productType = "com.apple.product-type.bundle.ui-testing";
		};
/* End PBXNativeTarget section */

/* Begin PBXProject section */
		E308BD0422EDF72400C47F72 /* Project object */ = {
			isa = PBXProject;
			attributes = {
				LastUpgradeCheck = 1030;
				ORGANIZATIONNAME = Gaoyang;
				TargetAttributes = {
					E308BD0B22EDF72400C47F72 = {
						CreatedOnToolsVersion = 10.3;
					};
					E308BD2622EDF72600C47F72 = {
						CreatedOnToolsVersion = 10.3;
						TestTargetID = E308BD0B22EDF72400C47F72;
					};
					E308BD3122EDF72600C47F72 = {
						CreatedOnToolsVersion = 10.3;
						TestTargetID = E308BD0B22EDF72400C47F72;
					};
				};
			};
			buildConfigurationList = E308BD0722EDF72400C47F72 /* Build configuration list for PBXProject "iOS Knowledge Architecture" */;
			compatibilityVersion = "Xcode 9.3";
			developmentRegion = en;
			hasScannedForEncodings = 0;
			knownRegions = (
				en,
				Base,
			);
			mainGroup = E308BD0322EDF72400C47F72;
			productRefGroup = E308BD0D22EDF72400C47F72 /* Products */;
			projectDirPath = "";
			projectRoot = "";
			targets = (
				E308BD0B22EDF72400C47F72 /* iOS Knowledge Architecture */,
				E308BD2622EDF72600C47F72 /* iOS Knowledge ArchitectureTests */,
				E308BD3122EDF72600C47F72 /* iOS Knowledge ArchitectureUITests */,
			);
		};
/* End PBXProject section */

/* Begin PBXResourcesBuildPhase section */
		E308BD0A22EDF72400C47F72 /* Resources */ = {
			isa = PBXResourcesBuildPhase;
			buildActionMask = 2147483647;
			files = (
				E308636022EF49B900675E1F /* Launch Screen.storyboard in Resources */,
				E308BD1C22EDF72600C47F72 /* Assets.xcassets in Resources */,
				E308BD1722EDF72400C47F72 /* Main.storyboard in Resources */,
			);
			runOnlyForDeploymentPostprocessing = 0;
		};
		E308BD2522EDF72600C47F72 /* Resources */ = {
			isa = PBXResourcesBuildPhase;
			buildActionMask = 2147483647;
			files = (
			);
			runOnlyForDeploymentPostprocessing = 0;
		};
		E308BD3022EDF72600C47F72 /* Resources */ = {
			isa = PBXResourcesBuildPhase;
			buildActionMask = 2147483647;
			files = (
			);
			runOnlyForDeploymentPostprocessing = 0;
		};
/* End PBXResourcesBuildPhase section */

/* Begin PBXShellScriptBuildPhase section */
		1E25EB5B5598095E30541FB9 /* [CP] Embed Pods Frameworks */ = {
			isa = PBXShellScriptBuildPhase;
			buildActionMask = 2147483647;
			files = (
			);
			inputFileListPaths = (
			);
			inputPaths = (
				"${PODS_ROOT}/Target Support Files/Pods-iOS Knowledge Architecture/Pods-iOS Knowledge Architecture-frameworks.sh",
				"${PODS_ROOT}/LookinServer/LookinServer.framework",
			);
			name = "[CP] Embed Pods Frameworks";
			outputFileListPaths = (
			);
			outputPaths = (
				"${TARGET_BUILD_DIR}/${FRAMEWORKS_FOLDER_PATH}/LookinServer.framework",
			);
			runOnlyForDeploymentPostprocessing = 0;
			shellPath = /bin/sh;
			shellScript = "\"${PODS_ROOT}/Target Support Files/Pods-iOS Knowledge Architecture/Pods-iOS Knowledge Architecture-frameworks.sh\"\n";
			showEnvVarsInLog = 0;
		};
		84DD2CE5173EAA7D329850AD /* [CP] Copy Pods Resources */ = {
			isa = PBXShellScriptBuildPhase;
			buildActionMask = 2147483647;
			files = (
			);
			inputFileListPaths = (
			);
			inputPaths = (
				"${PODS_ROOT}/Target Support Files/Pods-iOS Knowledge Architecture/Pods-iOS Knowledge Architecture-resources.sh",
				"${PODS_CONFIGURATION_BUILD_DIR}/DoraemonKit/DoraemonKit.bundle",
			);
			name = "[CP] Copy Pods Resources";
			outputFileListPaths = (
			);
			outputPaths = (
				"${TARGET_BUILD_DIR}/${UNLOCALIZED_RESOURCES_FOLDER_PATH}/DoraemonKit.bundle",
			);
			runOnlyForDeploymentPostprocessing = 0;
			shellPath = /bin/sh;
			shellScript = "\"${PODS_ROOT}/Target Support Files/Pods-iOS Knowledge Architecture/Pods-iOS Knowledge Architecture-resources.sh\"\n";
			showEnvVarsInLog = 0;
		};
		AADB315409691478A0307DCD /* [CP] Check Pods Manifest.lock */ = {
			isa = PBXShellScriptBuildPhase;
			buildActionMask = 2147483647;
			files = (
			);
			inputFileListPaths = (
			);
			inputPaths = (
				"${PODS_PODFILE_DIR_PATH}/Podfile.lock",
				"${PODS_ROOT}/Manifest.lock",
			);
			name = "[CP] Check Pods Manifest.lock";
			outputFileListPaths = (
			);
			outputPaths = (
				"$(DERIVED_FILE_DIR)/Pods-iOS Knowledge Architecture-checkManifestLockResult.txt",
			);
			runOnlyForDeploymentPostprocessing = 0;
			shellPath = /bin/sh;
			shellScript = "diff \"${PODS_PODFILE_DIR_PATH}/Podfile.lock\" \"${PODS_ROOT}/Manifest.lock\" > /dev/null\nif [ $? != 0 ] ; then\n    # print error to STDERR\n    echo \"error: The sandbox is not in sync with the Podfile.lock. Run 'pod install' or update your CocoaPods installation.\" >&2\n    exit 1\nfi\n# This output is used by Xcode 'outputs' to avoid re-running this script phase.\necho \"SUCCESS\" > \"${SCRIPT_OUTPUT_FILE_0}\"\n";
			showEnvVarsInLog = 0;
		};
		E0D4DCDF53F7B607241E5E6A /* [CP] Check Pods Manifest.lock */ = {
			isa = PBXShellScriptBuildPhase;
			buildActionMask = 2147483647;
			files = (
			);
			inputFileListPaths = (
			);
			inputPaths = (
				"${PODS_PODFILE_DIR_PATH}/Podfile.lock",
				"${PODS_ROOT}/Manifest.lock",
			);
			name = "[CP] Check Pods Manifest.lock";
			outputFileListPaths = (
			);
			outputPaths = (
				"$(DERIVED_FILE_DIR)/Pods-iOS Knowledge ArchitectureUITests-checkManifestLockResult.txt",
			);
			runOnlyForDeploymentPostprocessing = 0;
			shellPath = /bin/sh;
			shellScript = "diff \"${PODS_PODFILE_DIR_PATH}/Podfile.lock\" \"${PODS_ROOT}/Manifest.lock\" > /dev/null\nif [ $? != 0 ] ; then\n    # print error to STDERR\n    echo \"error: The sandbox is not in sync with the Podfile.lock. Run 'pod install' or update your CocoaPods installation.\" >&2\n    exit 1\nfi\n# This output is used by Xcode 'outputs' to avoid re-running this script phase.\necho \"SUCCESS\" > \"${SCRIPT_OUTPUT_FILE_0}\"\n";
			showEnvVarsInLog = 0;
		};
		EF6DE12A7BD7836F18433E4D /* [CP] Check Pods Manifest.lock */ = {
			isa = PBXShellScriptBuildPhase;
			buildActionMask = 2147483647;
			files = (
			);
			inputFileListPaths = (
			);
			inputPaths = (
				"${PODS_PODFILE_DIR_PATH}/Podfile.lock",
				"${PODS_ROOT}/Manifest.lock",
			);
			name = "[CP] Check Pods Manifest.lock";
			outputFileListPaths = (
			);
			outputPaths = (
				"$(DERIVED_FILE_DIR)/Pods-iOS Knowledge ArchitectureTests-checkManifestLockResult.txt",
			);
			runOnlyForDeploymentPostprocessing = 0;
			shellPath = /bin/sh;
			shellScript = "diff \"${PODS_PODFILE_DIR_PATH}/Podfile.lock\" \"${PODS_ROOT}/Manifest.lock\" > /dev/null\nif [ $? != 0 ] ; then\n    # print error to STDERR\n    echo \"error: The sandbox is not in sync with the Podfile.lock. Run 'pod install' or update your CocoaPods installation.\" >&2\n    exit 1\nfi\n# This output is used by Xcode 'outputs' to avoid re-running this script phase.\necho \"SUCCESS\" > \"${SCRIPT_OUTPUT_FILE_0}\"\n";
			showEnvVarsInLog = 0;
		};
/* End PBXShellScriptBuildPhase section */

/* Begin PBXSourcesBuildPhase section */
		E308BD0822EDF72400C47F72 /* Sources */ = {
			isa = PBXSourcesBuildPhase;
			buildActionMask = 2147483647;
			files = (
				E308BD1A22EDF72400C47F72 /* iOS_Knowledge_Architecture.xcdatamodeld in Sources */,
				E308636322EF4A6D00675E1F /* MasterTableViewController.m in Sources */,
				E308BD2222EDF72600C47F72 /* main.m in Sources */,
				E30F515B2300535000EBF152 /* UIColor+GYComponent.m in Sources */,
				E308BD1122EDF72400C47F72 /* AppDelegate.m in Sources */,
			);
			runOnlyForDeploymentPostprocessing = 0;
		};
		E308BD2322EDF72600C47F72 /* Sources */ = {
			isa = PBXSourcesBuildPhase;
			buildActionMask = 2147483647;
			files = (
				E308BD2C22EDF72600C47F72 /* iOS_Knowledge_ArchitectureTests.m in Sources */,
			);
			runOnlyForDeploymentPostprocessing = 0;
		};
		E308BD2E22EDF72600C47F72 /* Sources */ = {
			isa = PBXSourcesBuildPhase;
			buildActionMask = 2147483647;
			files = (
				E308BD3722EDF72600C47F72 /* iOS_Knowledge_ArchitectureUITests.m in Sources */,
			);
			runOnlyForDeploymentPostprocessing = 0;
		};
/* End PBXSourcesBuildPhase section */

/* Begin PBXTargetDependency section */
		E308BD2922EDF72600C47F72 /* PBXTargetDependency */ = {
			isa = PBXTargetDependency;
			target = E308BD0B22EDF72400C47F72 /* iOS Knowledge Architecture */;
			targetProxy = E308BD2822EDF72600C47F72 /* PBXContainerItemProxy */;
		};
		E308BD3422EDF72600C47F72 /* PBXTargetDependency */ = {
			isa = PBXTargetDependency;
			target = E308BD0B22EDF72400C47F72 /* iOS Knowledge Architecture */;
			targetProxy = E308BD3322EDF72600C47F72 /* PBXContainerItemProxy */;
		};
/* End PBXTargetDependency section */

/* Begin PBXVariantGroup section */
		E308BD1522EDF72400C47F72 /* Main.storyboard */ = {
			isa = PBXVariantGroup;
			children = (
				E308BD1622EDF72400C47F72 /* Base */,
			);
			name = Main.storyboard;
			sourceTree = "<group>";
		};
/* End PBXVariantGroup section */

/* Begin XCBuildConfiguration section */
		E308BD3922EDF72600C47F72 /* Debug */ = {
			isa = XCBuildConfiguration;
			buildSettings = {
				ALWAYS_SEARCH_USER_PATHS = NO;
				CLANG_ANALYZER_NONNULL = YES;
				CLANG_ANALYZER_NUMBER_OBJECT_CONVERSION = YES_AGGRESSIVE;
				CLANG_CXX_LANGUAGE_STANDARD = "gnu++14";
				CLANG_CXX_LIBRARY = "libc++";
				CLANG_ENABLE_MODULES = YES;
				CLANG_ENABLE_OBJC_ARC = YES;
				CLANG_ENABLE_OBJC_WEAK = YES;
				CLANG_WARN_BLOCK_CAPTURE_AUTORELEASING = YES;
				CLANG_WARN_BOOL_CONVERSION = YES;
				CLANG_WARN_COMMA = YES;
				CLANG_WARN_CONSTANT_CONVERSION = YES;
				CLANG_WARN_DEPRECATED_OBJC_IMPLEMENTATIONS = YES;
				CLANG_WARN_DIRECT_OBJC_ISA_USAGE = YES_ERROR;
				CLANG_WARN_DOCUMENTATION_COMMENTS = YES;
				CLANG_WARN_EMPTY_BODY = YES;
				CLANG_WARN_ENUM_CONVERSION = YES;
				CLANG_WARN_INFINITE_RECURSION = YES;
				CLANG_WARN_INT_CONVERSION = YES;
				CLANG_WARN_NON_LITERAL_NULL_CONVERSION = YES;
				CLANG_WARN_OBJC_IMPLICIT_RETAIN_SELF = YES;
				CLANG_WARN_OBJC_LITERAL_CONVERSION = YES;
				CLANG_WARN_OBJC_ROOT_CLASS = YES_ERROR;
				CLANG_WARN_RANGE_LOOP_ANALYSIS = YES;
				CLANG_WARN_STRICT_PROTOTYPES = YES;
				CLANG_WARN_SUSPICIOUS_MOVE = YES;
				CLANG_WARN_UNGUARDED_AVAILABILITY = YES_AGGRESSIVE;
				CLANG_WARN_UNREACHABLE_CODE = YES;
				CLANG_WARN__DUPLICATE_METHOD_MATCH = YES;
				CODE_SIGN_IDENTITY = "iPhone Developer";
				COPY_PHASE_STRIP = NO;
				DEBUG_INFORMATION_FORMAT = dwarf;
				ENABLE_STRICT_OBJC_MSGSEND = YES;
				ENABLE_TESTABILITY = YES;
				GCC_C_LANGUAGE_STANDARD = gnu11;
				GCC_DYNAMIC_NO_PIC = NO;
				GCC_NO_COMMON_BLOCKS = YES;
				GCC_OPTIMIZATION_LEVEL = 0;
				GCC_PREPROCESSOR_DEFINITIONS = (
					"DEBUG=1",
					"$(inherited)",
				);
				GCC_WARN_64_TO_32_BIT_CONVERSION = YES;
				GCC_WARN_ABOUT_RETURN_TYPE = YES_ERROR;
				GCC_WARN_UNDECLARED_SELECTOR = YES;
				GCC_WARN_UNINITIALIZED_AUTOS = YES_AGGRESSIVE;
				GCC_WARN_UNUSED_FUNCTION = YES;
				GCC_WARN_UNUSED_VARIABLE = YES;
				IPHONEOS_DEPLOYMENT_TARGET = 12.4;
				MTL_ENABLE_DEBUG_INFO = INCLUDE_SOURCE;
				MTL_FAST_MATH = YES;
				ONLY_ACTIVE_ARCH = YES;
				SDKROOT = iphoneos;
			};
			name = Debug;
		};
		E308BD3A22EDF72600C47F72 /* Release */ = {
			isa = XCBuildConfiguration;
			buildSettings = {
				ALWAYS_SEARCH_USER_PATHS = NO;
				CLANG_ANALYZER_NONNULL = YES;
				CLANG_ANALYZER_NUMBER_OBJECT_CONVERSION = YES_AGGRESSIVE;
				CLANG_CXX_LANGUAGE_STANDARD = "gnu++14";
				CLANG_CXX_LIBRARY = "libc++";
				CLANG_ENABLE_MODULES = YES;
				CLANG_ENABLE_OBJC_ARC = YES;
				CLANG_ENABLE_OBJC_WEAK = YES;
				CLANG_WARN_BLOCK_CAPTURE_AUTORELEASING = YES;
				CLANG_WARN_BOOL_CONVERSION = YES;
				CLANG_WARN_COMMA = YES;
				CLANG_WARN_CONSTANT_CONVERSION = YES;
				CLANG_WARN_DEPRECATED_OBJC_IMPLEMENTATIONS = YES;
				CLANG_WARN_DIRECT_OBJC_ISA_USAGE = YES_ERROR;
				CLANG_WARN_DOCUMENTATION_COMMENTS = YES;
				CLANG_WARN_EMPTY_BODY = YES;
				CLANG_WARN_ENUM_CONVERSION = YES;
				CLANG_WARN_INFINITE_RECURSION = YES;
				CLANG_WARN_INT_CONVERSION = YES;
				CLANG_WARN_NON_LITERAL_NULL_CONVERSION = YES;
				CLANG_WARN_OBJC_IMPLICIT_RETAIN_SELF = YES;
				CLANG_WARN_OBJC_LITERAL_CONVERSION = YES;
				CLANG_WARN_OBJC_ROOT_CLASS = YES_ERROR;
				CLANG_WARN_RANGE_LOOP_ANALYSIS = YES;
				CLANG_WARN_STRICT_PROTOTYPES = YES;
				CLANG_WARN_SUSPICIOUS_MOVE = YES;
				CLANG_WARN_UNGUARDED_AVAILABILITY = YES_AGGRESSIVE;
				CLANG_WARN_UNREACHABLE_CODE = YES;
				CLANG_WARN__DUPLICATE_METHOD_MATCH = YES;
				CODE_SIGN_IDENTITY = "iPhone Developer";
				COPY_PHASE_STRIP = NO;
				DEBUG_INFORMATION_FORMAT = "dwarf-with-dsym";
				ENABLE_NS_ASSERTIONS = NO;
				ENABLE_STRICT_OBJC_MSGSEND = YES;
				GCC_C_LANGUAGE_STANDARD = gnu11;
				GCC_NO_COMMON_BLOCKS = YES;
				GCC_WARN_64_TO_32_BIT_CONVERSION = YES;
				GCC_WARN_ABOUT_RETURN_TYPE = YES_ERROR;
				GCC_WARN_UNDECLARED_SELECTOR = YES;
				GCC_WARN_UNINITIALIZED_AUTOS = YES_AGGRESSIVE;
				GCC_WARN_UNUSED_FUNCTION = YES;
				GCC_WARN_UNUSED_VARIABLE = YES;
				IPHONEOS_DEPLOYMENT_TARGET = 12.4;
				MTL_ENABLE_DEBUG_INFO = NO;
				MTL_FAST_MATH = YES;
				SDKROOT = iphoneos;
				VALIDATE_PRODUCT = YES;
			};
			name = Release;
		};
		E308BD3C22EDF72600C47F72 /* Debug */ = {
			isa = XCBuildConfiguration;
			baseConfigurationReference = 510CA250F5EBFFCDCC87AD1B /* Pods-iOS Knowledge Architecture.debug.xcconfig */;
			buildSettings = {
				ASSETCATALOG_COMPILER_APPICON_NAME = AppIcon;
				CODE_SIGN_STYLE = Automatic;
				DEVELOPMENT_TEAM = 65GEP5SQYY;
				INFOPLIST_FILE = "iOS Knowledge Architecture/Info.plist";
				IPHONEOS_DEPLOYMENT_TARGET = 9.0;
				LD_RUNPATH_SEARCH_PATHS = (
					"$(inherited)",
					"@executable_path/Frameworks",
				);
				PRODUCT_BUNDLE_IDENTIFIER = "com.xunli.demo.iOS-Knowledge-Architecture";
				PRODUCT_NAME = "$(TARGET_NAME)";
				TARGETED_DEVICE_FAMILY = "1,2";
			};
			name = Debug;
		};
		E308BD3D22EDF72600C47F72 /* Release */ = {
			isa = XCBuildConfiguration;
			baseConfigurationReference = FB4BF7A21DE4BBB83185FF58 /* Pods-iOS Knowledge Architecture.release.xcconfig */;
			buildSettings = {
				ASSETCATALOG_COMPILER_APPICON_NAME = AppIcon;
				CODE_SIGN_STYLE = Automatic;
				DEVELOPMENT_TEAM = 65GEP5SQYY;
				INFOPLIST_FILE = "iOS Knowledge Architecture/Info.plist";
				IPHONEOS_DEPLOYMENT_TARGET = 9.0;
				LD_RUNPATH_SEARCH_PATHS = (
					"$(inherited)",
					"@executable_path/Frameworks",
				);
				PRODUCT_BUNDLE_IDENTIFIER = "com.xunli.demo.iOS-Knowledge-Architecture";
				PRODUCT_NAME = "$(TARGET_NAME)";
				TARGETED_DEVICE_FAMILY = "1,2";
			};
			name = Release;
		};
		E308BD3F22EDF72600C47F72 /* Debug */ = {
			isa = XCBuildConfiguration;
			baseConfigurationReference = 893D2F620AAC085743AEFC73 /* Pods-iOS Knowledge ArchitectureTests.debug.xcconfig */;
			buildSettings = {
				BUNDLE_LOADER = "$(TEST_HOST)";
				CODE_SIGN_STYLE = Automatic;
				DEVELOPMENT_TEAM = 65GEP5SQYY;
				INFOPLIST_FILE = "iOS Knowledge ArchitectureTests/Info.plist";
				LD_RUNPATH_SEARCH_PATHS = (
					"$(inherited)",
					"@executable_path/Frameworks",
					"@loader_path/Frameworks",
				);
				PRODUCT_BUNDLE_IDENTIFIER = "com.xunli.iOS-Knowledge-ArchitectureTests";
				PRODUCT_NAME = "$(TARGET_NAME)";
				TARGETED_DEVICE_FAMILY = "1,2";
				TEST_HOST = "$(BUILT_PRODUCTS_DIR)/iOS Knowledge Architecture.app/iOS Knowledge Architecture";
			};
			name = Debug;
		};
		E308BD4022EDF72600C47F72 /* Release */ = {
			isa = XCBuildConfiguration;
			baseConfigurationReference = 57608288717FD12487360BE9 /* Pods-iOS Knowledge ArchitectureTests.release.xcconfig */;
			buildSettings = {
				BUNDLE_LOADER = "$(TEST_HOST)";
				CODE_SIGN_STYLE = Automatic;
				DEVELOPMENT_TEAM = 65GEP5SQYY;
				INFOPLIST_FILE = "iOS Knowledge ArchitectureTests/Info.plist";
				LD_RUNPATH_SEARCH_PATHS = (
					"$(inherited)",
					"@executable_path/Frameworks",
					"@loader_path/Frameworks",
				);
				PRODUCT_BUNDLE_IDENTIFIER = "com.xunli.iOS-Knowledge-ArchitectureTests";
				PRODUCT_NAME = "$(TARGET_NAME)";
				TARGETED_DEVICE_FAMILY = "1,2";
				TEST_HOST = "$(BUILT_PRODUCTS_DIR)/iOS Knowledge Architecture.app/iOS Knowledge Architecture";
			};
			name = Release;
		};
		E308BD4222EDF72600C47F72 /* Debug */ = {
			isa = XCBuildConfiguration;
			baseConfigurationReference = 390E0CDEE64D3AEE671865C7 /* Pods-iOS Knowledge ArchitectureUITests.debug.xcconfig */;
			buildSettings = {
				CODE_SIGN_STYLE = Automatic;
				DEVELOPMENT_TEAM = 65GEP5SQYY;
				INFOPLIST_FILE = "iOS Knowledge ArchitectureUITests/Info.plist";
				LD_RUNPATH_SEARCH_PATHS = (
					"$(inherited)",
					"@executable_path/Frameworks",
					"@loader_path/Frameworks",
				);
				PRODUCT_BUNDLE_IDENTIFIER = "com.xunli.iOS-Knowledge-ArchitectureUITests";
				PRODUCT_NAME = "$(TARGET_NAME)";
				TARGETED_DEVICE_FAMILY = "1,2";
				TEST_TARGET_NAME = "iOS Knowledge Architecture";
			};
			name = Debug;
		};
		E308BD4322EDF72600C47F72 /* Release */ = {
			isa = XCBuildConfiguration;
			baseConfigurationReference = C0E4016EECF882DCEE06911D /* Pods-iOS Knowledge ArchitectureUITests.release.xcconfig */;
			buildSettings = {
				CODE_SIGN_STYLE = Automatic;
				DEVELOPMENT_TEAM = 65GEP5SQYY;
				INFOPLIST_FILE = "iOS Knowledge ArchitectureUITests/Info.plist";
				LD_RUNPATH_SEARCH_PATHS = (
					"$(inherited)",
					"@executable_path/Frameworks",
					"@loader_path/Frameworks",
				);
				PRODUCT_BUNDLE_IDENTIFIER = "com.xunli.iOS-Knowledge-ArchitectureUITests";
				PRODUCT_NAME = "$(TARGET_NAME)";
				TARGETED_DEVICE_FAMILY = "1,2";
				TEST_TARGET_NAME = "iOS Knowledge Architecture";
			};
			name = Release;
		};
/* End XCBuildConfiguration section */

/* Begin XCConfigurationList section */
		E308BD0722EDF72400C47F72 /* Build configuration list for PBXProject "iOS Knowledge Architecture" */ = {
			isa = XCConfigurationList;
			buildConfigurations = (
				E308BD3922EDF72600C47F72 /* Debug */,
				E308BD3A22EDF72600C47F72 /* Release */,
			);
			defaultConfigurationIsVisible = 0;
			defaultConfigurationName = Release;
		};
		E308BD3B22EDF72600C47F72 /* Build configuration list for PBXNativeTarget "iOS Knowledge Architecture" */ = {
			isa = XCConfigurationList;
			buildConfigurations = (
				E308BD3C22EDF72600C47F72 /* Debug */,
				E308BD3D22EDF72600C47F72 /* Release */,
			);
			defaultConfigurationIsVisible = 0;
			defaultConfigurationName = Release;
		};
		E308BD3E22EDF72600C47F72 /* Build configuration list for PBXNativeTarget "iOS Knowledge ArchitectureTests" */ = {
			isa = XCConfigurationList;
			buildConfigurations = (
				E308BD3F22EDF72600C47F72 /* Debug */,
				E308BD4022EDF72600C47F72 /* Release */,
			);
			defaultConfigurationIsVisible = 0;
			defaultConfigurationName = Release;
		};
		E308BD4122EDF72600C47F72 /* Build configuration list for PBXNativeTarget "iOS Knowledge ArchitectureUITests" */ = {
			isa = XCConfigurationList;
			buildConfigurations = (
				E308BD4222EDF72600C47F72 /* Debug */,
				E308BD4322EDF72600C47F72 /* Release */,
			);
			defaultConfigurationIsVisible = 0;
			defaultConfigurationName = Release;
		};
/* End XCConfigurationList section */

/* Begin XCVersionGroup section */
		E308BD1822EDF72400C47F72 /* iOS_Knowledge_Architecture.xcdatamodeld */ = {
			isa = XCVersionGroup;
			children = (
				E308BD1922EDF72400C47F72 /* iOS_Knowledge_Architecture.xcdatamodel */,
			);
			currentVersion = E308BD1922EDF72400C47F72 /* iOS_Knowledge_Architecture.xcdatamodel */;
			path = iOS_Knowledge_Architecture.xcdatamodeld;
			sourceTree = "<group>";
			versionGroupType = wrapper.xcdatamodel;
		};
/* End XCVersionGroup section */
	};
	rootObject = E308BD0422EDF72400C47F72 /* Project object */;
}
